// !$*UTF8*$!
{
	archiveVersion = 1;
	classes = {
	};
	objectVersion = 56;
	objects = {

/* Begin PBXBuildFile section */
		F80BEA882CEBECF300293205 /* PokemonDetailScreen.swift in Sources */ = {isa = PBXBuildFile; fileRef = F80BEA872CEBECF300293205 /* PokemonDetailScreen.swift */; };
		F80BEA8A2CEBF1AA00293205 /* PokemonDetail.swift in Sources */ = {isa = PBXBuildFile; fileRef = F80BEA892CEBF1AA00293205 /* PokemonDetail.swift */; };
		F80BEA8C2CEC012800293205 /* ImageAsyncView.swift in Sources */ = {isa = PBXBuildFile; fileRef = F80BEA8B2CEC012800293205 /* ImageAsyncView.swift */; };
		F82198662CEA9A4F00CEF116 /* PokedexApp.swift in Sources */ = {isa = PBXBuildFile; fileRef = F82198652CEA9A4F00CEF116 /* PokedexApp.swift */; };
		F821986A2CEA9A5000CEF116 /* Assets.xcassets in Resources */ = {isa = PBXBuildFile; fileRef = F82198692CEA9A5000CEF116 /* Assets.xcassets */; };
		F821986D2CEA9A5000CEF116 /* Preview Assets.xcassets in Resources */ = {isa = PBXBuildFile; fileRef = F821986C2CEA9A5000CEF116 /* Preview Assets.xcassets */; };
		F82198782CEA9C1400CEF116 /* PokemonStore.swift in Sources */ = {isa = PBXBuildFile; fileRef = F82198772CEA9C1400CEF116 /* PokemonStore.swift */; };
		F821987B2CEA9DE700CEF116 /* Pokemon.swift in Sources */ = {isa = PBXBuildFile; fileRef = F821987A2CEA9DE700CEF116 /* Pokemon.swift */; };
		F821987E2CEA9E5300CEF116 /* PokemonMap.swift in Sources */ = {isa = PBXBuildFile; fileRef = F821987D2CEA9E5300CEF116 /* PokemonMap.swift */; };
		F82198812CEAA09700CEF116 /* HTTPURLResponse+StatusCode.swift in Sources */ = {isa = PBXBuildFile; fileRef = F82198802CEAA09700CEF116 /* HTTPURLResponse+StatusCode.swift */; };
		F82198862CEAA3EB00CEF116 /* PokemonScreen.swift in Sources */ = {isa = PBXBuildFile; fileRef = F82198852CEAA3EB00CEF116 /* PokemonScreen.swift */; };
		F82198892CEAA59D00CEF116 /* HTTPClient.swift in Sources */ = {isa = PBXBuildFile; fileRef = F82198882CEAA59D00CEF116 /* HTTPClient.swift */; };
/* End PBXBuildFile section */

/* Begin PBXFileReference section */
		F80BEA872CEBECF300293205 /* PokemonDetailScreen.swift */ = {isa = PBXFileReference; lastKnownFileType = sourcecode.swift; path = PokemonDetailScreen.swift; sourceTree = "<group>"; };
		F80BEA892CEBF1AA00293205 /* PokemonDetail.swift */ = {isa = PBXFileReference; lastKnownFileType = sourcecode.swift; path = PokemonDetail.swift; sourceTree = "<group>"; };
		F80BEA8B2CEC012800293205 /* ImageAsyncView.swift */ = {isa = PBXFileReference; lastKnownFileType = sourcecode.swift; path = ImageAsyncView.swift; sourceTree = "<group>"; };
		F82198622CEA9A4F00CEF116 /* pokedex.app */ = {isa = PBXFileReference; explicitFileType = wrapper.application; includeInIndex = 0; path = pokedex.app; sourceTree = BUILT_PRODUCTS_DIR; };
		F82198652CEA9A4F00CEF116 /* PokedexApp.swift */ = {isa = PBXFileReference; lastKnownFileType = sourcecode.swift; path = PokedexApp.swift; sourceTree = "<group>"; };
		F82198692CEA9A5000CEF116 /* Assets.xcassets */ = {isa = PBXFileReference; lastKnownFileType = folder.assetcatalog; path = Assets.xcassets; sourceTree = "<group>"; };
		F821986C2CEA9A5000CEF116 /* Preview Assets.xcassets */ = {isa = PBXFileReference; lastKnownFileType = folder.assetcatalog; path = "Preview Assets.xcassets"; sourceTree = "<group>"; };
		F82198772CEA9C1400CEF116 /* PokemonStore.swift */ = {isa = PBXFileReference; lastKnownFileType = sourcecode.swift; path = PokemonStore.swift; sourceTree = "<group>"; };
		F821987A2CEA9DE700CEF116 /* Pokemon.swift */ = {isa = PBXFileReference; lastKnownFileType = sourcecode.swift; path = Pokemon.swift; sourceTree = "<group>"; };
		F821987D2CEA9E5300CEF116 /* PokemonMap.swift */ = {isa = PBXFileReference; lastKnownFileType = sourcecode.swift; path = PokemonMap.swift; sourceTree = "<group>"; };
		F82198802CEAA09700CEF116 /* HTTPURLResponse+StatusCode.swift */ = {isa = PBXFileReference; lastKnownFileType = sourcecode.swift; path = "HTTPURLResponse+StatusCode.swift"; sourceTree = "<group>"; };
		F82198852CEAA3EB00CEF116 /* PokemonScreen.swift */ = {isa = PBXFileReference; lastKnownFileType = sourcecode.swift; path = PokemonScreen.swift; sourceTree = "<group>"; };
		F82198882CEAA59D00CEF116 /* HTTPClient.swift */ = {isa = PBXFileReference; lastKnownFileType = sourcecode.swift; path = HTTPClient.swift; sourceTree = "<group>"; };
/* End PBXFileReference section */

/* Begin PBXFrameworksBuildPhase section */
		F821985F2CEA9A4F00CEF116 /* Frameworks */ = {
			isa = PBXFrameworksBuildPhase;
			buildActionMask = 2147483647;
			files = (
			);
			runOnlyForDeploymentPostprocessing = 0;
		};
/* End PBXFrameworksBuildPhase section */

/* Begin PBXGroup section */
		F82198592CEA9A4F00CEF116 = {
			isa = PBXGroup;
			children = (
				F82198642CEA9A4F00CEF116 /* pokedex */,
				F82198632CEA9A4F00CEF116 /* Products */,
			);
			sourceTree = "<group>";
		};
		F82198632CEA9A4F00CEF116 /* Products */ = {
			isa = PBXGroup;
			children = (
				F82198622CEA9A4F00CEF116 /* pokedex.app */,
			);
			name = Products;
			sourceTree = "<group>";
		};
		F82198642CEA9A4F00CEF116 /* pokedex */ = {
			isa = PBXGroup;
			children = (
				F82198872CEAA58800CEF116 /* Networking */,
				F82198842CEAA3D100CEF116 /* Screens */,
				F821987F2CEAA07F00CEF116 /* Extension */,
				F821987C2CEA9E4800CEF116 /* Map */,
				F82198792CEA9D5000CEF116 /* Model */,
				F82198762CEA9ABA00CEF116 /* View */,
				F82198742CEA9AAC00CEF116 /* Store */,
				F82198652CEA9A4F00CEF116 /* PokedexApp.swift */,
				F82198692CEA9A5000CEF116 /* Assets.xcassets */,
				F821986B2CEA9A5000CEF116 /* Preview Content */,
			);
			path = pokedex;
			sourceTree = "<group>";
		};
		F821986B2CEA9A5000CEF116 /* Preview Content */ = {
			isa = PBXGroup;
			children = (
				F821986C2CEA9A5000CEF116 /* Preview Assets.xcassets */,
			);
			path = "Preview Content";
			sourceTree = "<group>";
		};
		F82198742CEA9AAC00CEF116 /* Store */ = {
			isa = PBXGroup;
			children = (
				F82198772CEA9C1400CEF116 /* PokemonStore.swift */,
			);
			path = Store;
			sourceTree = "<group>";
		};
		F82198762CEA9ABA00CEF116 /* View */ = {
			isa = PBXGroup;
			children = (
				F80BEA8B2CEC012800293205 /* ImageAsyncView.swift */,
			);
			path = View;
			sourceTree = "<group>";
		};
		F82198792CEA9D5000CEF116 /* Model */ = {
			isa = PBXGroup;
			children = (
				F821987A2CEA9DE700CEF116 /* Pokemon.swift */,
				F80BEA892CEBF1AA00293205 /* PokemonDetail.swift */,
			);
			path = Model;
			sourceTree = "<group>";
		};
		F821987C2CEA9E4800CEF116 /* Map */ = {
			isa = PBXGroup;
			children = (
				F821987D2CEA9E5300CEF116 /* PokemonMap.swift */,
			);
			path = Map;
			sourceTree = "<group>";
		};
		F821987F2CEAA07F00CEF116 /* Extension */ = {
			isa = PBXGroup;
			children = (
				F82198802CEAA09700CEF116 /* HTTPURLResponse+StatusCode.swift */,
			);
			path = Extension;
			sourceTree = "<group>";
		};
		F82198842CEAA3D100CEF116 /* Screens */ = {
			isa = PBXGroup;
			children = (
				F82198852CEAA3EB00CEF116 /* PokemonScreen.swift */,
				F80BEA872CEBECF300293205 /* PokemonDetailScreen.swift */,
			);
			path = Screens;
			sourceTree = "<group>";
		};
		F82198872CEAA58800CEF116 /* Networking */ = {
			isa = PBXGroup;
			children = (
				F82198882CEAA59D00CEF116 /* HTTPClient.swift */,
			);
			path = Networking;
			sourceTree = "<group>";
		};
/* End PBXGroup section */

/* Begin PBXNativeTarget section */
		F82198612CEA9A4F00CEF116 /* pokedex */ = {
			isa = PBXNativeTarget;
			buildConfigurationList = F82198702CEA9A5000CEF116 /* Build configuration list for PBXNativeTarget "pokedex" */;
			buildPhases = (
				F821985E2CEA9A4F00CEF116 /* Sources */,
				F821985F2CEA9A4F00CEF116 /* Frameworks */,
				F82198602CEA9A4F00CEF116 /* Resources */,
			);
			buildRules = (
			);
			dependencies = (
			);
			name = pokedex;
			productName = pokedex;
			productReference = F82198622CEA9A4F00CEF116 /* pokedex.app */;
			productType = "com.apple.product-type.application";
		};
/* End PBXNativeTarget section */

/* Begin PBXProject section */
		F821985A2CEA9A4F00CEF116 /* Project object */ = {
			isa = PBXProject;
			attributes = {
				BuildIndependentTargetsInParallel = 1;
				LastSwiftUpdateCheck = 1500;
				LastUpgradeCheck = 1500;
				TargetAttributes = {
					F82198612CEA9A4F00CEF116 = {
						CreatedOnToolsVersion = 15.0.1;
					};
				};
			};
			buildConfigurationList = F821985D2CEA9A4F00CEF116 /* Build configuration list for PBXProject "pokedex" */;
			compatibilityVersion = "Xcode 14.0";
			developmentRegion = en;
			hasScannedForEncodings = 0;
			knownRegions = (
				en,
				Base,
			);
			mainGroup = F82198592CEA9A4F00CEF116;
			productRefGroup = F82198632CEA9A4F00CEF116 /* Products */;
			projectDirPath = "";
			projectRoot = "";
			targets = (
				F82198612CEA9A4F00CEF116 /* pokedex */,
			);
		};
/* End PBXProject section */

/* Begin PBXResourcesBuildPhase section */
		F82198602CEA9A4F00CEF116 /* Resources */ = {
			isa = PBXResourcesBuildPhase;
			buildActionMask = 2147483647;
			files = (
				F821986D2CEA9A5000CEF116 /* Preview Assets.xcassets in Resources */,
				F821986A2CEA9A5000CEF116 /* Assets.xcassets in Resources */,
			);
			runOnlyForDeploymentPostprocessing = 0;
		};
/* End PBXResourcesBuildPhase section */

/* Begin PBXSourcesBuildPhase section */
		F821985E2CEA9A4F00CEF116 /* Sources */ = {
			isa = PBXSourcesBuildPhase;
			buildActionMask = 2147483647;
			files = (
				F80BEA882CEBECF300293205 /* PokemonDetailScreen.swift in Sources */,
				F80BEA8C2CEC012800293205 /* ImageAsyncView.swift in Sources */,
				F821987B2CEA9DE700CEF116 /* Pokemon.swift in Sources */,
				F82198782CEA9C1400CEF116 /* PokemonStore.swift in Sources */,
				F82198662CEA9A4F00CEF116 /* PokedexApp.swift in Sources */,
				F82198892CEAA59D00CEF116 /* HTTPClient.swift in Sources */,
				F82198812CEAA09700CEF116 /* HTTPURLResponse+StatusCode.swift in Sources */,
				F80BEA8A2CEBF1AA00293205 /* PokemonDetail.swift in Sources */,
				F821987E2CEA9E5300CEF116 /* PokemonMap.swift in Sources */,
				F82198862CEAA3EB00CEF116 /* PokemonScreen.swift in Sources */,
			);
			runOnlyForDeploymentPostprocessing = 0;
		};
/* End PBXSourcesBuildPhase section */

/* Begin XCBuildConfiguration section */
		F821986E2CEA9A5000CEF116 /* Debug */ = {
			isa = XCBuildConfiguration;
			buildSettings = {
				ALWAYS_SEARCH_USER_PATHS = NO;
				ASSETCATALOG_COMPILER_GENERATE_SWIFT_ASSET_SYMBOL_EXTENSIONS = YES;
				CLANG_ANALYZER_NONNULL = YES;
				CLANG_ANALYZER_NUMBER_OBJECT_CONVERSION = YES_AGGRESSIVE;
				CLANG_CXX_LANGUAGE_STANDARD = "gnu++20";
				CLANG_ENABLE_MODULES = YES;
				CLANG_ENABLE_OBJC_ARC = YES;
				CLANG_ENABLE_OBJC_WEAK = YES;
				CLANG_WARN_BLOCK_CAPTURE_AUTORELEASING = YES;
				CLANG_WARN_BOOL_CONVERSION = YES;
				CLANG_WARN_COMMA = YES;
				CLANG_WARN_CONSTANT_CONVERSION = YES;
				CLANG_WARN_DEPRECATED_OBJC_IMPLEMENTATIONS = YES;
				CLANG_WARN_DIRECT_OBJC_ISA_USAGE = YES_ERROR;
				CLANG_WARN_DOCUMENTATION_COMMENTS = YES;
				CLANG_WARN_EMPTY_BODY = YES;
				CLANG_WARN_ENUM_CONVERSION = YES;
				CLANG_WARN_INFINITE_RECURSION = YES;
				CLANG_WARN_INT_CONVERSION = YES;
				CLANG_WARN_NON_LITERAL_NULL_CONVERSION = YES;
				CLANG_WARN_OBJC_IMPLICIT_RETAIN_SELF = YES;
				CLANG_WARN_OBJC_LITERAL_CONVERSION = YES;
				CLANG_WARN_OBJC_ROOT_CLASS = YES_ERROR;
				CLANG_WARN_QUOTED_INCLUDE_IN_FRAMEWORK_HEADER = YES;
				CLANG_WARN_RANGE_LOOP_ANALYSIS = YES;
				CLANG_WARN_STRICT_PROTOTYPES = YES;
				CLANG_WARN_SUSPICIOUS_MOVE = YES;
				CLANG_WARN_UNGUARDED_AVAILABILITY = YES_AGGRESSIVE;
				CLANG_WARN_UNREACHABLE_CODE = YES;
				CLANG_WARN__DUPLICATE_METHOD_MATCH = YES;
				COPY_PHASE_STRIP = NO;
				DEBUG_INFORMATION_FORMAT = dwarf;
				ENABLE_STRICT_OBJC_MSGSEND = YES;
				ENABLE_TESTABILITY = YES;
				ENABLE_USER_SCRIPT_SANDBOXING = YES;
				GCC_C_LANGUAGE_STANDARD = gnu17;
				GCC_DYNAMIC_NO_PIC = NO;
				GCC_NO_COMMON_BLOCKS = YES;
				GCC_OPTIMIZATION_LEVEL = 0;
				GCC_PREPROCESSOR_DEFINITIONS = (
					"DEBUG=1",
					"$(inherited)",
				);
				GCC_WARN_64_TO_32_BIT_CONVERSION = YES;
				GCC_WARN_ABOUT_RETURN_TYPE = YES_ERROR;
				GCC_WARN_UNDECLARED_SELECTOR = YES;
				GCC_WARN_UNINITIALIZED_AUTOS = YES_AGGRESSIVE;
				GCC_WARN_UNUSED_FUNCTION = YES;
				GCC_WARN_UNUSED_VARIABLE = YES;
				IPHONEOS_DEPLOYMENT_TARGET = 17.0;
				LOCALIZATION_PREFERS_STRING_CATALOGS = YES;
				MTL_ENABLE_DEBUG_INFO = INCLUDE_SOURCE;
				MTL_FAST_MATH = YES;
				ONLY_ACTIVE_ARCH = YES;
				SDKROOT = iphoneos;
				SWIFT_ACTIVE_COMPILATION_CONDITIONS = "DEBUG $(inherited)";
				SWIFT_OPTIMIZATION_LEVEL = "-Onone";
			};
			name = Debug;
		};
		F821986F2CEA9A5000CEF116 /* Release */ = {
			isa = XCBuildConfiguration;
			buildSettings = {
				ALWAYS_SEARCH_USER_PATHS = NO;
				ASSETCATALOG_COMPILER_GENERATE_SWIFT_ASSET_SYMBOL_EXTENSIONS = YES;
				CLANG_ANALYZER_NONNULL = YES;
				CLANG_ANALYZER_NUMBER_OBJECT_CONVERSION = YES_AGGRESSIVE;
				CLANG_CXX_LANGUAGE_STANDARD = "gnu++20";
				CLANG_ENABLE_MODULES = YES;
				CLANG_ENABLE_OBJC_ARC = YES;
				CLANG_ENABLE_OBJC_WEAK = YES;
				CLANG_WARN_BLOCK_CAPTURE_AUTORELEASING = YES;
				CLANG_WARN_BOOL_CONVERSION = YES;
				CLANG_WARN_COMMA = YES;
				CLANG_WARN_CONSTANT_CONVERSION = YES;
				CLANG_WARN_DEPRECATED_OBJC_IMPLEMENTATIONS = YES;
				CLANG_WARN_DIRECT_OBJC_ISA_USAGE = YES_ERROR;
				CLANG_WARN_DOCUMENTATION_COMMENTS = YES;
				CLANG_WARN_EMPTY_BODY = YES;
				CLANG_WARN_ENUM_CONVERSION = YES;
				CLANG_WARN_INFINITE_RECURSION = YES;
				CLANG_WARN_INT_CONVERSION = YES;
				CLANG_WARN_NON_LITERAL_NULL_CONVERSION = YES;
				CLANG_WARN_OBJC_IMPLICIT_RETAIN_SELF = YES;
				CLANG_WARN_OBJC_LITERAL_CONVERSION = YES;
				CLANG_WARN_OBJC_ROOT_CLASS = YES_ERROR;
				CLANG_WARN_QUOTED_INCLUDE_IN_FRAMEWORK_HEADER = YES;
				CLANG_WARN_RANGE_LOOP_ANALYSIS = YES;
				CLANG_WARN_STRICT_PROTOTYPES = YES;
				CLANG_WARN_SUSPICIOUS_MOVE = YES;
				CLANG_WARN_UNGUARDED_AVAILABILITY = YES_AGGRESSIVE;
				CLANG_WARN_UNREACHABLE_CODE = YES;
				CLANG_WARN__DUPLICATE_METHOD_MATCH = YES;
				COPY_PHASE_STRIP = NO;
				DEBUG_INFORMATION_FORMAT = "dwarf-with-dsym";
				ENABLE_NS_ASSERTIONS = NO;
				ENABLE_STRICT_OBJC_MSGSEND = YES;
				ENABLE_USER_SCRIPT_SANDBOXING = YES;
				GCC_C_LANGUAGE_STANDARD = gnu17;
				GCC_NO_COMMON_BLOCKS = YES;
				GCC_WARN_64_TO_32_BIT_CONVERSION = YES;
				GCC_WARN_ABOUT_RETURN_TYPE = YES_ERROR;
				GCC_WARN_UNDECLARED_SELECTOR = YES;
				GCC_WARN_UNINITIALIZED_AUTOS = YES_AGGRESSIVE;
				GCC_WARN_UNUSED_FUNCTION = YES;
				GCC_WARN_UNUSED_VARIABLE = YES;
				IPHONEOS_DEPLOYMENT_TARGET = 17.0;
				LOCALIZATION_PREFERS_STRING_CATALOGS = YES;
				MTL_ENABLE_DEBUG_INFO = NO;
				MTL_FAST_MATH = YES;
				SDKROOT = iphoneos;
				SWIFT_COMPILATION_MODE = wholemodule;
				VALIDATE_PRODUCT = YES;
			};
			name = Release;
		};
		F82198712CEA9A5000CEF116 /* Debug */ = {
			isa = XCBuildConfiguration;
			buildSettings = {
				ASSETCATALOG_COMPILER_APPICON_NAME = AppIcon;
				ASSETCATALOG_COMPILER_GLOBAL_ACCENT_COLOR_NAME = AccentColor;
				CODE_SIGN_STYLE = Automatic;
				CURRENT_PROJECT_VERSION = 1;
				DEVELOPMENT_ASSET_PATHS = "\"pokedex/Preview Content\"";
				ENABLE_PREVIEWS = YES;
				GENERATE_INFOPLIST_FILE = YES;
				INFOPLIST_KEY_UIApplicationSceneManifest_Generation = YES;
				INFOPLIST_KEY_UIApplicationSupportsIndirectInputEvents = YES;
				INFOPLIST_KEY_UILaunchScreen_Generation = YES;
				INFOPLIST_KEY_UISupportedInterfaceOrientations_iPad = "UIInterfaceOrientationPortrait UIInterfaceOrientationPortraitUpsideDown UIInterfaceOrientationLandscapeLeft UIInterfaceOrientationLandscapeRight";
				INFOPLIST_KEY_UISupportedInterfaceOrientations_iPhone = "UIInterfaceOrientationPortrait UIInterfaceOrientationLandscapeLeft UIInterfaceOrientationLandscapeRight";
				LD_RUNPATH_SEARCH_PATHS = (
					"$(inherited)",
					"@executable_path/Frameworks",
				);
				MARKETING_VERSION = 1.0;
				PRODUCT_BUNDLE_IDENTIFIER = com.test.pokedex;
				PRODUCT_NAME = "$(TARGET_NAME)";
				SWIFT_EMIT_LOC_STRINGS = YES;
				SWIFT_VERSION = 5.0;
				TARGETED_DEVICE_FAMILY = "1,2";
			};
			name = Debug;
		};
		F82198722CEA9A5000CEF116 /* Release */ = {
			isa = XCBuildConfiguration;
			buildSettings = {
				ASSETCATALOG_COMPILER_APPICON_NAME = AppIcon;
				ASSETCATALOG_COMPILER_GLOBAL_ACCENT_COLOR_NAME = AccentColor;
				CODE_SIGN_STYLE = Automatic;
				CURRENT_PROJECT_VERSION = 1;
				DEVELOPMENT_ASSET_PATHS = "\"pokedex/Preview Content\"";
				ENABLE_PREVIEWS = YES;
				GENERATE_INFOPLIST_FILE = YES;
				INFOPLIST_KEY_UIApplicationSceneManifest_Generation = YES;
				INFOPLIST_KEY_UIApplicationSupportsIndirectInputEvents = YES;
				INFOPLIST_KEY_UILaunchScreen_Generation = YES;
				INFOPLIST_KEY_UISupportedInterfaceOrientations_iPad = "UIInterfaceOrientationPortrait UIInterfaceOrientationPortraitUpsideDown UIInterfaceOrientationLandscapeLeft UIInterfaceOrientationLandscapeRight";
				INFOPLIST_KEY_UISupportedInterfaceOrientations_iPhone = "UIInterfaceOrientationPortrait UIInterfaceOrientationLandscapeLeft UIInterfaceOrientationLandscapeRight";
				LD_RUNPATH_SEARCH_PATHS = (
					"$(inherited)",
					"@executable_path/Frameworks",
				);
				MARKETING_VERSION = 1.0;
				PRODUCT_BUNDLE_IDENTIFIER = com.test.pokedex;
				PRODUCT_NAME = "$(TARGET_NAME)";
				SWIFT_EMIT_LOC_STRINGS = YES;
				SWIFT_VERSION = 5.0;
				TARGETED_DEVICE_FAMILY = "1,2";
			};
			name = Release;
		};
/* End XCBuildConfiguration section */

/* Begin XCConfigurationList section */
		F821985D2CEA9A4F00CEF116 /* Build configuration list for PBXProject "pokedex" */ = {
			isa = XCConfigurationList;
			buildConfigurations = (
				F821986E2CEA9A5000CEF116 /* Debug */,
				F821986F2CEA9A5000CEF116 /* Release */,
			);
			defaultConfigurationIsVisible = 0;
			defaultConfigurationName = Release;
		};
		F82198702CEA9A5000CEF116 /* Build configuration list for PBXNativeTarget "pokedex" */ = {
			isa = XCConfigurationList;
			buildConfigurations = (
				F82198712CEA9A5000CEF116 /* Debug */,
				F82198722CEA9A5000CEF116 /* Release */,
			);
			defaultConfigurationIsVisible = 0;
			defaultConfigurationName = Release;
		};
/* End XCConfigurationList section */
	};
	rootObject = F821985A2CEA9A4F00CEF116 /* Project object */;
}
